
Microsoft Visual Studio Solution File, Format Version 12.00
# Visual Studio Version 17
VisualStudioVersion = 17.14.37216.2 d17.14
MinimumVisualStudioVersion = 10.0.40219.1
Project("{FAE04EC0-301F-11D3-BF4B-00C04F79EFBC}") = "MinistryofPlatation-HallAllocation", "MinistryofPlatation-HallAllocation\MinistryofPlatation-HallAllocation.csproj", "{86FD11F7-9CA7-4A67-8E17-235890E5FB0A}"
EndProject
Global
	GlobalSection(SolutionConfigurationPlatforms) = preSolution
		Debug|Any CPU = Debug|Any CPU
		Release|Any CPU = Release|Any CPU
	EndGlobalSection
	GlobalSection(ProjectConfigurationPlatforms) = postSolution
		{86FD11F7-9CA7-4A67-8E17-235890E5FB0A}.Debug|Any CPU.ActiveCfg = Debug|Any CPU
		{86FD11F7-9CA7-4A67-8E17-235890E5FB0A}.Debug|Any CPU.Build.0 = Debug|Any CPU
		{86FD11F7-9CA7-4A67-8E17-235890E5FB0A}.Release|Any CPU.ActiveCfg = Release|Any CPU
		{86FD11F7-9CA7-4A67-8E17-235890E5FB0A}.Release|Any CPU.Build.0 = Release|Any CPU
	EndGlobalSection
	GlobalSection(SolutionProperties) = preSolution
		HideSolutionNode = FALSE
	EndGlobalSection
	GlobalSection(ExtensibilityGlobals) = postSolution
		SolutionGuid = {E93201DF-BF69-4D98-85AC-E90A35C7BF06}
	EndGlobalSection
EndGlobal
